
Microsoft Visual Studio Solution File, Format Version 12.00
# Visual Studio Version 17
VisualStudioVersion = 17.7.34018.315
MinimumVisualStudioVersion = 10.0.40219.1
Project("{FAE04EC0-301F-11D3-BF4B-00C04F79EFBC}") = "Mariani_ElaborazioneCSV_Console", "Mariani_ElaborazioneCSV_Console\Mariani_ElaborazioneCSV_Console.csproj", "{2CFAF813-9D4E-4EDF-BC2C-F3F88625440B}"
EndProject
Global
	GlobalSection(SolutionConfigurationPlatforms) = preSolution
		Debug|Any CPU = Debug|Any CPU
		Release|Any CPU = Release|Any CPU
	EndGlobalSection
	GlobalSection(ProjectConfigurationPlatforms) = postSolution
		{2CFAF813-9D4E-4EDF-BC2C-F3F88625440B}.Debug|Any CPU.ActiveCfg = Debug|Any CPU
		{2CFAF813-9D4E-4EDF-BC2C-F3F88625440B}.Debug|Any CPU.Build.0 = Debug|Any CPU
		{2CFAF813-9D4E-4EDF-BC2C-F3F88625440B}.Release|Any CPU.ActiveCfg = Release|Any CPU
		{2CFAF813-9D4E-4EDF-BC2C-F3F88625440B}.Release|Any CPU.Build.0 = Release|Any CPU
	EndGlobalSection
	GlobalSection(SolutionProperties) = preSolution
		HideSolutionNode = FALSE
	EndGlobalSection
	GlobalSection(ExtensibilityGlobals) = postSolution
		SolutionGuid = {F890D8C5-53FA-4EB1-B209-41527A266691}
	EndGlobalSection
EndGlobal
